// !$*UTF8*$!
{
	archiveVersion = 1;
	classes = {
	};
	objectVersion = 46;
	objects = {

/* Begin PBXBuildFile section */
		D125CC3319D47E3100108C6F /* main.m in Sources */ = {isa = PBXBuildFile; fileRef = D125CC3219D47E3100108C6F /* main.m */; };
		D125CC3619D47E3100108C6F /* AppDelegate.m in Sources */ = {isa = PBXBuildFile; fileRef = D125CC3519D47E3100108C6F /* AppDelegate.m */; };
		D125CC3C19D47E3100108C6F /* Main.storyboard in Resources */ = {isa = PBXBuildFile; fileRef = D125CC3A19D47E3100108C6F /* Main.storyboard */; };
		D125CC3E19D47E3100108C6F /* Images.xcassets in Resources */ = {isa = PBXBuildFile; fileRef = D125CC3D19D47E3100108C6F /* Images.xcassets */; };
		D125CC4119D47E3100108C6F /* LaunchScreen.xib in Resources */ = {isa = PBXBuildFile; fileRef = D125CC3F19D47E3100108C6F /* LaunchScreen.xib */; };
		D125CC4D19D47E3100108C6F /* FibonacciTests.m in Sources */ = {isa = PBXBuildFile; fileRef = D125CC4C19D47E3100108C6F /* FibonacciTests.m */; };
		D125CC5819D47F3300108C6F /* FibTableViewController.m in Sources */ = {isa = PBXBuildFile; fileRef = D125CC5719D47F3300108C6F /* FibTableViewController.m */; };
		D125CC5B19D4E31000108C6F /* BigInt.m in Sources */ = {isa = PBXBuildFile; fileRef = D125CC5A19D4E31000108C6F /* BigInt.m */; };
/* End PBXBuildFile section */

/* Begin PBXContainerItemProxy section */
		D125CC4719D47E3100108C6F /* PBXContainerItemProxy */ = {
			isa = PBXContainerItemProxy;
			containerPortal = D125CC2519D47E3100108C6F /* Project object */;
			proxyType = 1;
			remoteGlobalIDString = D125CC2C19D47E3100108C6F;
			remoteInfo = Fibonacci;
		};
/* End PBXContainerItemProxy section */

/* Begin PBXFileReference section */
		D125CC2D19D47E3100108C6F /* Fibonacci.app */ = {isa = PBXFileReference; explicitFileType = wrapper.application; includeInIndex = 0; path = Fibonacci.app; sourceTree = BUILT_PRODUCTS_DIR; };
		D125CC3119D47E3100108C6F /* Info.plist */ = {isa = PBXFileReference; lastKnownFileType = text.plist.xml; path = Info.plist; sourceTree = "<group>"; };
		D125CC3219D47E3100108C6F /* main.m */ = {isa = PBXFileReference; lastKnownFileType = sourcecode.c.objc; path = main.m; sourceTree = "<group>"; };
		D125CC3419D47E3100108C6F /* AppDelegate.h */ = {isa = PBXFileReference; lastKnownFileType = sourcecode.c.h; path = AppDelegate.h; sourceTree = "<group>"; };
		D125CC3519D47E3100108C6F /* AppDelegate.m */ = {isa = PBXFileReference; lastKnownFileType = sourcecode.c.objc; path = AppDelegate.m; sourceTree = "<group>"; };
		D125CC3B19D47E3100108C6F /* Base */ = {isa = PBXFileReference; lastKnownFileType = file.storyboard; name = Base; path = Base.lproj/Main.storyboard; sourceTree = "<group>"; };
		D125CC3D19D47E3100108C6F /* Images.xcassets */ = {isa = PBXFileReference; lastKnownFileType = folder.assetcatalog; path = Images.xcassets; sourceTree = "<group>"; };
		D125CC4019D47E3100108C6F /* Base */ = {isa = PBXFileReference; lastKnownFileType = file.xib; name = Base; path = Base.lproj/LaunchScreen.xib; sourceTree = "<group>"; };
		D125CC4619D47E3100108C6F /* FibonacciTests.xctest */ = {isa = PBXFileReference; explicitFileType = wrapper.cfbundle; includeInIndex = 0; path = FibonacciTests.xctest; sourceTree = BUILT_PRODUCTS_DIR; };
		D125CC4B19D47E3100108C6F /* Info.plist */ = {isa = PBXFileReference; lastKnownFileType = text.plist.xml; path = Info.plist; sourceTree = "<group>"; };
		D125CC4C19D47E3100108C6F /* FibonacciTests.m */ = {isa = PBXFileReference; lastKnownFileType = sourcecode.c.objc; path = FibonacciTests.m; sourceTree = "<group>"; };
		D125CC5619D47F3300108C6F /* FibTableViewController.h */ = {isa = PBXFileReference; fileEncoding = 4; lastKnownFileType = sourcecode.c.h; path = FibTableViewController.h; sourceTree = "<group>"; };
		D125CC5719D47F3300108C6F /* FibTableViewController.m */ = {isa = PBXFileReference; fileEncoding = 4; lastKnownFileType = sourcecode.c.objc; path = FibTableViewController.m; sourceTree = "<group>"; };
		D125CC5919D4E31000108C6F /* BigInt.h */ = {isa = PBXFileReference; fileEncoding = 4; lastKnownFileType = sourcecode.c.h; path = BigInt.h; sourceTree = "<group>"; };
		D125CC5A19D4E31000108C6F /* BigInt.m */ = {isa = PBXFileReference; fileEncoding = 4; lastKnownFileType = sourcecode.c.objc; path = BigInt.m; sourceTree = "<group>"; };
/* End PBXFileReference section */

/* Begin PBXFrameworksBuildPhase section */
		D125CC2A19D47E3100108C6F /* Frameworks */ = {
			isa = PBXFrameworksBuildPhase;
			buildActionMask = 2147483647;
			files = (
			);
			runOnlyForDeploymentPostprocessing = 0;
		};
		D125CC4319D47E3100108C6F /* Frameworks */ = {
			isa = PBXFrameworksBuildPhase;
			buildActionMask = 2147483647;
			files = (
			);
			runOnlyForDeploymentPostprocessing = 0;
		};
/* End PBXFrameworksBuildPhase section */

/* Begin PBXGroup section */
		D125CC2419D47E3100108C6F = {
			isa = PBXGroup;
			children = (
				D125CC2F19D47E3100108C6F /* Fibonacci */,
				D125CC4919D47E3100108C6F /* FibonacciTests */,
				D125CC2E19D47E3100108C6F /* Products */,
			);
			sourceTree = "<group>";
		};
		D125CC2E19D47E3100108C6F /* Products */ = {
			isa = PBXGroup;
			children = (
				D125CC2D19D47E3100108C6F /* Fibonacci.app */,
				D125CC4619D47E3100108C6F /* FibonacciTests.xctest */,
			);
			name = Products;
			sourceTree = "<group>";
		};
		D125CC2F19D47E3100108C6F /* Fibonacci */ = {
			isa = PBXGroup;
			children = (
				D153589019D55882002C3E57 /* DataType */,
				D153588F19D5586B002C3E57 /* ViewController */,
				D125CC3419D47E3100108C6F /* AppDelegate.h */,
				D125CC3519D47E3100108C6F /* AppDelegate.m */,
				D125CC3A19D47E3100108C6F /* Main.storyboard */,
				D125CC3D19D47E3100108C6F /* Images.xcassets */,
				D125CC3F19D47E3100108C6F /* LaunchScreen.xib */,
				D125CC3019D47E3100108C6F /* Supporting Files */,
			);
			path = Fibonacci;
			sourceTree = "<group>";
		};
		D125CC3019D47E3100108C6F /* Supporting Files */ = {
			isa = PBXGroup;
			children = (
				D125CC3119D47E3100108C6F /* Info.plist */,
				D125CC3219D47E3100108C6F /* main.m */,
			);
			name = "Supporting Files";
			sourceTree = "<group>";
		};
		D125CC4919D47E3100108C6F /* FibonacciTests */ = {
			isa = PBXGroup;
			children = (
				D125CC4C19D47E3100108C6F /* FibonacciTests.m */,
				D125CC4A19D47E3100108C6F /* Supporting Files */,
			);
			path = FibonacciTests;
			sourceTree = "<group>";
		};
		D125CC4A19D47E3100108C6F /* Supporting Files */ = {
			isa = PBXGroup;
			children = (
				D125CC4B19D47E3100108C6F /* Info.plist */,
			);
			name = "Supporting Files";
			sourceTree = "<group>";
		};
		D153588F19D5586B002C3E57 /* ViewController */ = {
			isa = PBXGroup;
			children = (
				D125CC5619D47F3300108C6F /* FibTableViewController.h */,
				D125CC5719D47F3300108C6F /* FibTableViewController.m */,
			);
			name = ViewController;
			sourceTree = "<group>";
		};
		D153589019D55882002C3E57 /* DataType */ = {
			isa = PBXGroup;
			children = (
				D125CC5919D4E31000108C6F /* BigInt.h */,
				D125CC5A19D4E31000108C6F /* BigInt.m */,
			);
			name = DataType;
			sourceTree = "<group>";
		};
/* End PBXGroup section */

/* Begin PBXNativeTarget section */
		D125CC2C19D47E3100108C6F /* Fibonacci */ = {
			isa = PBXNativeTarget;
			buildConfigurationList = D125CC5019D47E3100108C6F /* Build configuration list for PBXNativeTarget "Fibonacci" */;
			buildPhases = (
				D125CC2919D47E3100108C6F /* Sources */,
				D125CC2A19D47E3100108C6F /* Frameworks */,
				D125CC2B19D47E3100108C6F /* Resources */,
			);
			buildRules = (
			);
			dependencies = (
			);
			name = Fibonacci;
			productName = Fibonacci;
			productReference = D125CC2D19D47E3100108C6F /* Fibonacci.app */;
			productType = "com.apple.product-type.application";
		};
		D125CC4519D47E3100108C6F /* FibonacciTests */ = {
			isa = PBXNativeTarget;
			buildConfigurationList = D125CC5319D47E3100108C6F /* Build configuration list for PBXNativeTarget "FibonacciTests" */;
			buildPhases = (
				D125CC4219D47E3100108C6F /* Sources */,
				D125CC4319D47E3100108C6F /* Frameworks */,
				D125CC4419D47E3100108C6F /* Resources */,
			);
			buildRules = (
			);
			dependencies = (
				D125CC4819D47E3100108C6F /* PBXTargetDependency */,
			);
			name = FibonacciTests;
			productName = FibonacciTests;
			productReference = D125CC4619D47E3100108C6F /* FibonacciTests.xctest */;
			productType = "com.apple.product-type.bundle.unit-test";
		};
/* End PBXNativeTarget section */

/* Begin PBXProject section */
		D125CC2519D47E3100108C6F /* Project object */ = {
			isa = PBXProject;
			attributes = {
				LastUpgradeCheck = 0600;
				ORGANIZATIONNAME = Pearson;
				TargetAttributes = {
					D125CC2C19D47E3100108C6F = {
						CreatedOnToolsVersion = 6.0.1;
					};
					D125CC4519D47E3100108C6F = {
						CreatedOnToolsVersion = 6.0.1;
						TestTargetID = D125CC2C19D47E3100108C6F;
					};
				};
			};
			buildConfigurationList = D125CC2819D47E3100108C6F /* Build configuration list for PBXProject "Fibonacci" */;
			compatibilityVersion = "Xcode 3.2";
			developmentRegion = English;
			hasScannedForEncodings = 0;
			knownRegions = (
				en,
				Base,
			);
			mainGroup = D125CC2419D47E3100108C6F;
			productRefGroup = D125CC2E19D47E3100108C6F /* Products */;
			projectDirPath = "";
			projectRoot = "";
			targets = (
				D125CC2C19D47E3100108C6F /* Fibonacci */,
				D125CC4519D47E3100108C6F /* FibonacciTests */,
			);
		};
/* End PBXProject section */

/* Begin PBXResourcesBuildPhase section */
		D125CC2B19D47E3100108C6F /* Resources */ = {
			isa = PBXResourcesBuildPhase;
			buildActionMask = 2147483647;
			files = (
				D125CC3C19D47E3100108C6F /* Main.storyboard in Resources */,
				D125CC4119D47E3100108C6F /* LaunchScreen.xib in Resources */,
				D125CC3E19D47E3100108C6F /* Images.xcassets in Resources */,
			);
			runOnlyForDeploymentPostprocessing = 0;
		};
		D125CC4419D47E3100108C6F /* Resources */ = {
			isa = PBXResourcesBuildPhase;
			buildActionMask = 2147483647;
			files = (
			);
			runOnlyForDeploymentPostprocessing = 0;
		};
/* End PBXResourcesBuildPhase section */

/* Begin PBXSourcesBuildPhase section */
		D125CC2919D47E3100108C6F /* Sources */ = {
			isa = PBXSourcesBuildPhase;
			buildActionMask = 2147483647;
			files = (
				D125CC5B19D4E31000108C6F /* BigInt.m in Sources */,
				D125CC3619D47E3100108C6F /* AppDelegate.m in Sources */,
				D125CC5819D47F3300108C6F /* FibTableViewController.m in Sources */,
				D125CC3319D47E3100108C6F /* main.m in Sources */,
			);
			runOnlyForDeploymentPostprocessing = 0;
		};
		D125CC4219D47E3100108C6F /* Sources */ = {
			isa = PBXSourcesBuildPhase;
			buildActionMask = 2147483647;
			files = (
				D125CC4D19D47E3100108C6F /* FibonacciTests.m in Sources */,
			);
			runOnlyForDeploymentPostprocessing = 0;
		};
/* End PBXSourcesBuildPhase section */

/* Begin PBXTargetDependency section */
		D125CC4819D47E3100108C6F /* PBXTargetDependency */ = {
			isa = PBXTargetDependency;
			target = D125CC2C19D47E3100108C6F /* Fibonacci */;
			targetProxy = D125CC4719D47E3100108C6F /* PBXContainerItemProxy */;
		};
/* End PBXTargetDependency section */

/* Begin PBXVariantGroup section */
		D125CC3A19D47E3100108C6F /* Main.storyboard */ = {
			isa = PBXVariantGroup;
			children = (
				D125CC3B19D47E3100108C6F /* Base */,
			);
			name = Main.storyboard;
			sourceTree = "<group>";
		};
		D125CC3F19D47E3100108C6F /* LaunchScreen.xib */ = {
			isa = PBXVariantGroup;
			children = (
				D125CC4019D47E3100108C6F /* Base */,
			);
			name = LaunchScreen.xib;
			sourceTree = "<group>";
		};
/* End PBXVariantGroup section */

/* Begin XCBuildConfiguration section */
		D125CC4E19D47E3100108C6F /* Debug */ = {
			isa = XCBuildConfiguration;
			buildSettings = {
				ALWAYS_SEARCH_USER_PATHS = NO;
				CLANG_CXX_LANGUAGE_STANDARD = "gnu++0x";
				CLANG_CXX_LIBRARY = "libc++";
				CLANG_ENABLE_MODULES = YES;
				CLANG_ENABLE_OBJC_ARC = YES;
				CLANG_WARN_BOOL_CONVERSION = YES;
				CLANG_WARN_CONSTANT_CONVERSION = YES;
				CLANG_WARN_DIRECT_OBJC_ISA_USAGE = YES_ERROR;
				CLANG_WARN_EMPTY_BODY = YES;
				CLANG_WARN_ENUM_CONVERSION = YES;
				CLANG_WARN_INT_CONVERSION = YES;
				CLANG_WARN_OBJC_ROOT_CLASS = YES_ERROR;
				CLANG_WARN_UNREACHABLE_CODE = YES;
				CLANG_WARN__DUPLICATE_METHOD_MATCH = YES;
				"CODE_SIGN_IDENTITY[sdk=iphoneos*]" = "iPhone Developer";
				COPY_PHASE_STRIP = NO;
				ENABLE_STRICT_OBJC_MSGSEND = YES;
				GCC_C_LANGUAGE_STANDARD = gnu99;
				GCC_DYNAMIC_NO_PIC = NO;
				GCC_OPTIMIZATION_LEVEL = 0;
				GCC_PREPROCESSOR_DEFINITIONS = (
					"DEBUG=1",
					"$(inherited)",
				);
				GCC_SYMBOLS_PRIVATE_EXTERN = NO;
				GCC_WARN_64_TO_32_BIT_CONVERSION = YES;
				GCC_WARN_ABOUT_RETURN_TYPE = YES_ERROR;
				GCC_WARN_UNDECLARED_SELECTOR = YES;
				GCC_WARN_UNINITIALIZED_AUTOS = YES_AGGRESSIVE;
				GCC_WARN_UNUSED_FUNCTION = YES;
				GCC_WARN_UNUSED_VARIABLE = YES;
				IPHONEOS_DEPLOYMENT_TARGET = 8.0;
				MTL_ENABLE_DEBUG_INFO = YES;
				ONLY_ACTIVE_ARCH = YES;
				SDKROOT = iphoneos;
			};
			name = Debug;
		};
		D125CC4F19D47E3100108C6F /* Release */ = {
			isa = XCBuildConfiguration;
			buildSettings = {
				ALWAYS_SEARCH_USER_PATHS = NO;
				CLANG_CXX_LANGUAGE_STANDARD = "gnu++0x";
				CLANG_CXX_LIBRARY = "libc++";
				CLANG_ENABLE_MODULES = YES;
				CLANG_ENABLE_OBJC_ARC = YES;
				CLANG_WARN_BOOL_CONVERSION = YES;
				CLANG_WARN_CONSTANT_CONVERSION = YES;
				CLANG_WARN_DIRECT_OBJC_ISA_USAGE = YES_ERROR;
				CLANG_WARN_EMPTY_BODY = YES;
				CLANG_WARN_ENUM_CONVERSION = YES;
				CLANG_WARN_INT_CONVERSION = YES;
				CLANG_WARN_OBJC_ROOT_CLASS = YES_ERROR;
				CLANG_WARN_UNREACHABLE_CODE = YES;
				CLANG_WARN__DUPLICATE_METHOD_MATCH = YES;
				"CODE_SIGN_IDENTITY[sdk=iphoneos*]" = "iPhone Developer";
				COPY_PHASE_STRIP = YES;
				ENABLE_NS_ASSERTIONS = NO;
				ENABLE_STRICT_OBJC_MSGSEND = YES;
				GCC_C_LANGUAGE_STANDARD = gnu99;
				GCC_WARN_64_TO_32_BIT_CONVERSION = YES;
				GCC_WARN_ABOUT_RETURN_TYPE = YES_ERROR;
				GCC_WARN_UNDECLARED_SELECTOR = YES;
				GCC_WARN_UNINITIALIZED_AUTOS = YES_AGGRESSIVE;
				GCC_WARN_UNUSED_FUNCTION = YES;
				GCC_WARN_UNUSED_VARIABLE = YES;
				IPHONEOS_DEPLOYMENT_TARGET = 8.0;
				MTL_ENABLE_DEBUG_INFO = NO;
				SDKROOT = iphoneos;
				VALIDATE_PRODUCT = YES;
			};
			name = Release;
		};
		D125CC5119D47E3100108C6F /* Debug */ = {
			isa = XCBuildConfiguration;
			buildSettings = {
				ASSETCATALOG_COMPILER_APPICON_NAME = AppIcon;
				INFOPLIST_FILE = Fibonacci/Info.plist;
				LD_RUNPATH_SEARCH_PATHS = "$(inherited) @executable_path/Frameworks";
				PRODUCT_NAME = "$(TARGET_NAME)";
			};
			name = Debug;
		};
		D125CC5219D47E3100108C6F /* Release */ = {
			isa = XCBuildConfiguration;
			buildSettings = {
				ASSETCATALOG_COMPILER_APPICON_NAME = AppIcon;
				INFOPLIST_FILE = Fibonacci/Info.plist;
				LD_RUNPATH_SEARCH_PATHS = "$(inherited) @executable_path/Frameworks";
				PRODUCT_NAME = "$(TARGET_NAME)";
			};
			name = Release;
		};
		D125CC5419D47E3100108C6F /* Debug */ = {
			isa = XCBuildConfiguration;
			buildSettings = {
				BUNDLE_LOADER = "$(TEST_HOST)";
				FRAMEWORK_SEARCH_PATHS = (
					"$(SDKROOT)/Developer/Library/Frameworks",
					"$(inherited)",
				);
				GCC_PREPROCESSOR_DEFINITIONS = (
					"DEBUG=1",
					"$(inherited)",
				);
				INFOPLIST_FILE = FibonacciTests/Info.plist;
				LD_RUNPATH_SEARCH_PATHS = "$(inherited) @executable_path/Frameworks @loader_path/Frameworks";
				PRODUCT_NAME = "$(TARGET_NAME)";
				TEST_HOST = "$(BUILT_PRODUCTS_DIR)/Fibonacci.app/Fibonacci";
			};
			name = Debug;
		};
		D125CC5519D47E3100108C6F /* Release */ = {
			isa = XCBuildConfiguration;
			buildSettings = {
				BUNDLE_LOADER = "$(TEST_HOST)";
				FRAMEWORK_SEARCH_PATHS = (
					"$(SDKROOT)/Developer/Library/Frameworks",
					"$(inherited)",
				);
				INFOPLIST_FILE = FibonacciTests/Info.plist;
				LD_RUNPATH_SEARCH_PATHS = "$(inherited) @executable_path/Frameworks @loader_path/Frameworks";
				PRODUCT_NAME = "$(TARGET_NAME)";
				TEST_HOST = "$(BUILT_PRODUCTS_DIR)/Fibonacci.app/Fibonacci";
			};
			name = Release;
		};
/* End XCBuildConfiguration section */

/* Begin XCConfigurationList section */
		D125CC2819D47E3100108C6F /* Build configuration list for PBXProject "Fibonacci" */ = {
			isa = XCConfigurationList;
			buildConfigurations = (
				D125CC4E19D47E3100108C6F /* Debug */,
				D125CC4F19D47E3100108C6F /* Release */,
			);
			defaultConfigurationIsVisible = 0;
			defaultConfigurationName = Release;
		};
		D125CC5019D47E3100108C6F /* Build configuration list for PBXNativeTarget "Fibonacci" */ = {
			isa = XCConfigurationList;
			buildConfigurations = (
				D125CC5119D47E3100108C6F /* Debug */,
				D125CC5219D47E3100108C6F /* Release */,
			);
			defaultConfigurationIsVisible = 0;
			defaultConfigurationName = Release;
		};
		D125CC5319D47E3100108C6F /* Build configuration list for PBXNativeTarget "FibonacciTests" */ = {
			isa = XCConfigurationList;
			buildConfigurations = (
				D125CC5419D47E3100108C6F /* Debug */,
				D125CC5519D47E3100108C6F /* Release */,
			);
			defaultConfigurationIsVisible = 0;
			defaultConfigurationName = Release;
		};
/* End XCConfigurationList section */
	};
	rootObject = D125CC2519D47E3100108C6F /* Project object */;
}
